// !$*UTF8*$!
{
	archiveVersion = 1;
	classes = {
	};
	objectVersion = 46;
	objects = {

/* Begin PBXBuildFile section */
		784185041DA65E8800538979 /* AppDelegate.swift in Sources */ = {isa = PBXBuildFile; fileRef = 784185031DA65E8800538979 /* AppDelegate.swift */; };
		784185061DA65E8800538979 /* ViewController.swift in Sources */ = {isa = PBXBuildFile; fileRef = 784185051DA65E8800538979 /* ViewController.swift */; };
		784185091DA65E8800538979 /* Main.storyboard in Resources */ = {isa = PBXBuildFile; fileRef = 784185071DA65E8800538979 /* Main.storyboard */; };
		7841850B1DA65E8800538979 /* Assets.xcassets in Resources */ = {isa = PBXBuildFile; fileRef = 7841850A1DA65E8800538979 /* Assets.xcassets */; };
		7841850E1DA65E8800538979 /* LaunchScreen.storyboard in Resources */ = {isa = PBXBuildFile; fileRef = 7841850C1DA65E8800538979 /* LaunchScreen.storyboard */; };
/* End PBXBuildFile section */

/* Begin PBXFileReference section */
		784185001DA65E8800538979 /* Swiftnet.app */ = {isa = PBXFileReference; explicitFileType = wrapper.application; includeInIndex = 0; path = Swiftnet.app; sourceTree = BUILT_PRODUCTS_DIR; };
		784185031DA65E8800538979 /* AppDelegate.swift */ = {isa = PBXFileReference; lastKnownFileType = sourcecode.swift; path = AppDelegate.swift; sourceTree = "<group>"; };
		784185051DA65E8800538979 /* ViewController.swift */ = {isa = PBXFileReference; lastKnownFileType = sourcecode.swift; path = ViewController.swift; sourceTree = "<group>"; };
		784185081DA65E8800538979 /* Base */ = {isa = PBXFileReference; lastKnownFileType = file.storyboard; name = Base; path = Base.lproj/Main.storyboard; sourceTree = "<group>"; };
		7841850A1DA65E8800538979 /* Assets.xcassets */ = {isa = PBXFileReference; lastKnownFileType = folder.assetcatalog; path = Assets.xcassets; sourceTree = "<group>"; };
		7841850D1DA65E8800538979 /* Base */ = {isa = PBXFileReference; lastKnownFileType = file.storyboard; name = Base; path = Base.lproj/LaunchScreen.storyboard; sourceTree = "<group>"; };
		7841850F1DA65E8800538979 /* Info.plist */ = {isa = PBXFileReference; lastKnownFileType = text.plist.xml; path = Info.plist; sourceTree = "<group>"; };
/* End PBXFileReference section */

/* Begin PBXFrameworksBuildPhase section */
		784184FD1DA65E8700538979 /* Frameworks */ = {
			isa = PBXFrameworksBuildPhase;
			buildActionMask = 2147483647;
			files = (
			);
			runOnlyForDeploymentPostprocessing = 0;
		};
/* End PBXFrameworksBuildPhase section */

/* Begin PBXGroup section */
		784184F71DA65E8700538979 = {
			isa = PBXGroup;
			children = (
				784185021DA65E8800538979 /* Swiftnet */,
				784185011DA65E8800538979 /* Products */,
			);
			sourceTree = "<group>";
		};
		784185011DA65E8800538979 /* Products */ = {
			isa = PBXGroup;
			children = (
				784185001DA65E8800538979 /* Swiftnet.app */,
			);
			name = Products;
			sourceTree = "<group>";
		};
		784185021DA65E8800538979 /* Swiftnet */ = {
			isa = PBXGroup;
			children = (
				784185031DA65E8800538979 /* AppDelegate.swift */,
				784185051DA65E8800538979 /* ViewController.swift */,
				784185071DA65E8800538979 /* Main.storyboard */,
				7841850A1DA65E8800538979 /* Assets.xcassets */,
				7841850C1DA65E8800538979 /* LaunchScreen.storyboard */,
				7841850F1DA65E8800538979 /* Info.plist */,
			);
			path = Swiftnet;
			sourceTree = "<group>";
		};
/* End PBXGroup section */

/* Begin PBXNativeTarget section */
		784184FF1DA65E8700538979 /* Swiftnet */ = {
			isa = PBXNativeTarget;
			buildConfigurationList = 784185121DA65E8800538979 /* Build configuration list for PBXNativeTarget "Swiftnet" */;
			buildPhases = (
				784184FC1DA65E8700538979 /* Sources */,
				784184FD1DA65E8700538979 /* Frameworks */,
				784184FE1DA65E8700538979 /* Resources */,
			);
			buildRules = (
			);
			dependencies = (
			);
			name = Swiftnet;
			productName = Swiftnet;
			productReference = 784185001DA65E8800538979 /* Swiftnet.app */;
			productType = "com.apple.product-type.application";
		};
/* End PBXNativeTarget section */

/* Begin PBXProject section */
		784184F81DA65E8700538979 /* Project object */ = {
			isa = PBXProject;
			attributes = {
				LastSwiftUpdateCheck = 0800;
				LastUpgradeCheck = 0800;
				ORGANIZATIONNAME = "Tushar's";
				TargetAttributes = {
					784184FF1DA65E8700538979 = {
						CreatedOnToolsVersion = 8.0;
						DevelopmentTeam = NL39556K8W;
						ProvisioningStyle = Automatic;
					};
				};
			};
			buildConfigurationList = 784184FB1DA65E8700538979 /* Build configuration list for PBXProject "Swiftnet" */;
			compatibilityVersion = "Xcode 3.2";
			developmentRegion = English;
			hasScannedForEncodings = 0;
			knownRegions = (
				en,
				Base,
			);
			mainGroup = 784184F71DA65E8700538979;
			productRefGroup = 784185011DA65E8800538979 /* Products */;
			projectDirPath = "";
			projectRoot = "";
			targets = (
				784184FF1DA65E8700538979 /* Swiftnet */,
			);
		};
/* End PBXProject section */

/* Begin PBXResourcesBuildPhase section */
		784184FE1DA65E8700538979 /* Resources */ = {
			isa = PBXResourcesBuildPhase;
			buildActionMask = 2147483647;
			files = (
				7841850E1DA65E8800538979 /* LaunchScreen.storyboard in Resources */,
				7841850B1DA65E8800538979 /* Assets.xcassets in Resources */,
				784185091DA65E8800538979 /* Main.storyboard in Resources */,
			);
			runOnlyForDeploymentPostprocessing = 0;
		};
/* End PBXResourcesBuildPhase section */

/* Begin PBXSourcesBuildPhase section */
		784184FC1DA65E8700538979 /* Sources */ = {
			isa = PBXSourcesBuildPhase;
			buildActionMask = 2147483647;
			files = (
				784185061DA65E8800538979 /* ViewController.swift in Sources */,
				784185041DA65E8800538979 /* AppDelegate.swift in Sources */,
			);
			runOnlyForDeploymentPostprocessing = 0;
		};
/* End PBXSourcesBuildPhase section */

/* Begin PBXVariantGroup section */
		784185071DA65E8800538979 /* Main.storyboard */ = {
			isa = PBXVariantGroup;
			children = (
				784185081DA65E8800538979 /* Base */,
			);
			name = Main.storyboard;
			sourceTree = "<group>";
		};
		7841850C1DA65E8800538979 /* LaunchScreen.storyboard */ = {
			isa = PBXVariantGroup;
			children = (
				7841850D1DA65E8800538979 /* Base */,
			);
			name = LaunchScreen.storyboard;
			sourceTree = "<group>";
		};
/* End PBXVariantGroup section */

/* Begin XCBuildConfiguration section */
		784185101DA65E8800538979 /* Debug */ = {
			isa = XCBuildConfiguration;
			buildSettings = {
				ALWAYS_SEARCH_USER_PATHS = NO;
				CLANG_ANALYZER_NONNULL = YES;
				CLANG_CXX_LANGUAGE_STANDARD = "gnu++0x";
				CLANG_CXX_LIBRARY = "libc++";
				CLANG_ENABLE_MODULES = YES;
				CLANG_ENABLE_OBJC_ARC = YES;
				CLANG_WARN_BOOL_CONVERSION = YES;
				CLANG_WARN_CONSTANT_CONVERSION = YES;
				CLANG_WARN_DIRECT_OBJC_ISA_USAGE = YES_ERROR;
				CLANG_WARN_DOCUMENTATION_COMMENTS = YES;
				CLANG_WARN_EMPTY_BODY = YES;
				CLANG_WARN_ENUM_CONVERSION = YES;
				CLANG_WARN_INFINITE_RECURSION = YES;
				CLANG_WARN_INT_CONVERSION = YES;
				CLANG_WARN_OBJC_ROOT_CLASS = YES_ERROR;
				CLANG_WARN_SUSPICIOUS_MOVES = YES;
				CLANG_WARN_UNREACHABLE_CODE = YES;
				CLANG_WARN__DUPLICATE_METHOD_MATCH = YES;
				"CODE_SIGN_IDENTITY[sdk=iphoneos*]" = "iPhone Developer";
				COPY_PHASE_STRIP = NO;
				DEBUG_INFORMATION_FORMAT = dwarf;
				ENABLE_STRICT_OBJC_MSGSEND = YES;
				ENABLE_TESTABILITY = YES;
				GCC_C_LANGUAGE_STANDARD = gnu99;
				GCC_DYNAMIC_NO_PIC = NO;
				GCC_NO_COMMON_BLOCKS = YES;
				GCC_OPTIMIZATION_LEVEL = 0;
				GCC_PREPROCESSOR_DEFINITIONS = (
					"DEBUG=1",
					"$(inherited)",
				);
				GCC_WARN_64_TO_32_BIT_CONVERSION = YES;
				GCC_WARN_ABOUT_RETURN_TYPE = YES_ERROR;
				GCC_WARN_UNDECLARED_SELECTOR = YES;
				GCC_WARN_UNINITIALIZED_AUTOS = YES_AGGRESSIVE;
				GCC_WARN_UNUSED_FUNCTION = YES;
				GCC_WARN_UNUSED_VARIABLE = YES;
				IPHONEOS_DEPLOYMENT_TARGET = 10.0;
				MTL_ENABLE_DEBUG_INFO = YES;
				ONLY_ACTIVE_ARCH = YES;
				SDKROOT = iphoneos;
				SWIFT_ACTIVE_COMPILATION_CONDITIONS = DEBUG;
				SWIFT_OPTIMIZATION_LEVEL = "-Onone";
				TARGETED_DEVICE_FAMILY = "1,2";
			};
			name = Debug;
		};
		784185111DA65E8800538979 /* Release */ = {
			isa = XCBuildConfiguration;
			buildSettings = {
				ALWAYS_SEARCH_USER_PATHS = NO;
				CLANG_ANALYZER_NONNULL = YES;
				CLANG_CXX_LANGUAGE_STANDARD = "gnu++0x";
				CLANG_CXX_LIBRARY = "libc++";
				CLANG_ENABLE_MODULES = YES;
				CLANG_ENABLE_OBJC_ARC = YES;
				CLANG_WARN_BOOL_CONVERSION = YES;
				CLANG_WARN_CONSTANT_CONVERSION = YES;
				CLANG_WARN_DIRECT_OBJC_ISA_USAGE = YES_ERROR;
				CLANG_WARN_DOCUMENTATION_COMMENTS = YES;
				CLANG_WARN_EMPTY_BODY = YES;
				CLANG_WARN_ENUM_CONVERSION = YES;
				CLANG_WARN_INFINITE_RECURSION = YES;
				CLANG_WARN_INT_CONVERSION = YES;
				CLANG_WARN_OBJC_ROOT_CLASS = YES_ERROR;
				CLANG_WARN_SUSPICIOUS_MOVES = YES;
				CLANG_WARN_UNREACHABLE_CODE = YES;
				CLANG_WARN__DUPLICATE_METHOD_MATCH = YES;
				"CODE_SIGN_IDENTITY[sdk=iphoneos*]" = "iPhone Developer";
				COPY_PHASE_STRIP = NO;
				DEBUG_INFORMATION_FORMAT = "dwarf-with-dsym";
				ENABLE_NS_ASSERTIONS = NO;
				ENABLE_STRICT_OBJC_MSGSEND = YES;
				GCC_C_LANGUAGE_STANDARD = gnu99;
				GCC_NO_COMMON_BLOCKS = YES;
				GCC_WARN_64_TO_32_BIT_CONVERSION = YES;
				GCC_WARN_ABOUT_RETURN_TYPE = YES_ERROR;
				GCC_WARN_UNDECLARED_SELECTOR = YES;
				GCC_WARN_UNINITIALIZED_AUTOS = YES_AGGRESSIVE;
				GCC_WARN_UNUSED_FUNCTION = YES;
				GCC_WARN_UNUSED_VARIABLE = YES;
				IPHONEOS_DEPLOYMENT_TARGET = 10.0;
				MTL_ENABLE_DEBUG_INFO = NO;
				SDKROOT = iphoneos;
				SWIFT_OPTIMIZATION_LEVEL = "-Owholemodule";
				TARGETED_DEVICE_FAMILY = "1,2";
				VALIDATE_PRODUCT = YES;
			};
			name = Release;
		};
		784185131DA65E8800538979 /* Debug */ = {
			isa = XCBuildConfiguration;
			buildSettings = {
				ASSETCATALOG_COMPILER_APPICON_NAME = AppIcon;
				DEVELOPMENT_TEAM = NL39556K8W;
				INFOPLIST_FILE = Swiftnet/Info.plist;
				LD_RUNPATH_SEARCH_PATHS = "$(inherited) @executable_path/Frameworks";
				PRODUCT_BUNDLE_IDENTIFIER = com.tushar.Swiftnet;
				PRODUCT_NAME = "$(TARGET_NAME)";
				SWIFT_VERSION = 3.0;
			};
			name = Debug;
		};
		784185141DA65E8800538979 /* Release */ = {
			isa = XCBuildConfiguration;
			buildSettings = {
				ASSETCATALOG_COMPILER_APPICON_NAME = AppIcon;
				DEVELOPMENT_TEAM = NL39556K8W;
				INFOPLIST_FILE = Swiftnet/Info.plist;
				LD_RUNPATH_SEARCH_PATHS = "$(inherited) @executable_path/Frameworks";
				PRODUCT_BUNDLE_IDENTIFIER = com.tushar.Swiftnet;
				PRODUCT_NAME = "$(TARGET_NAME)";
				SWIFT_VERSION = 3.0;
			};
			name = Release;
		};
/* End XCBuildConfiguration section */

/* Begin XCConfigurationList section */
		784184FB1DA65E8700538979 /* Build configuration list for PBXProject "Swiftnet" */ = {
			isa = XCConfigurationList;
			buildConfigurations = (
				784185101DA65E8800538979 /* Debug */,
				784185111DA65E8800538979 /* Release */,
			);
			defaultConfigurationIsVisible = 0;
			defaultConfigurationName = Release;
		};
		784185121DA65E8800538979 /* Build configuration list for PBXNativeTarget "Swiftnet" */ = {
			isa = XCConfigurationList;
			buildConfigurations = (
				784185131DA65E8800538979 /* Debug */,
				784185141DA65E8800538979 /* Release */,
			);
			defaultConfigurationIsVisible = 0;
		};
/* End XCConfigurationList section */
	};
	rootObject = 784184F81DA65E8700538979 /* Project object */;
}
